
Microsoft Visual Studio Solution File, Format Version 12.00
# Visual Studio Version 17
VisualStudioVersion = 17.2.32526.322
MinimumVisualStudioVersion = 10.0.40219.1
Project("{9A19103F-16F7-4668-BE54-9A1E7A4F7556}") = "Event(API)", "Event(API)\Event(API).csproj", "{C95D73BE-DA76-4EE0-A670-2889AB12C315}"
EndProject
Global
	GlobalSection(SolutionConfigurationPlatforms) = preSolution
		Debug|Any CPU = Debug|Any CPU
		Release|Any CPU = Release|Any CPU
	EndGlobalSection
	GlobalSection(ProjectConfigurationPlatforms) = postSolution
		{C95D73BE-DA76-4EE0-A670-2889AB12C315}.Debug|Any CPU.ActiveCfg = Debug|Any CPU
		{C95D73BE-DA76-4EE0-A670-2889AB12C315}.Debug|Any CPU.Build.0 = Debug|Any CPU
		{C95D73BE-DA76-4EE0-A670-2889AB12C315}.Release|Any CPU.ActiveCfg = Release|Any CPU
		{C95D73BE-DA76-4EE0-A670-2889AB12C315}.Release|Any CPU.Build.0 = Release|Any CPU
	EndGlobalSection
	GlobalSection(SolutionProperties) = preSolution
		HideSolutionNode = FALSE
	EndGlobalSection
	GlobalSection(ExtensibilityGlobals) = postSolution
		SolutionGuid = {B6212054-19FD-4C51-AD7A-C15D7D304355}
	EndGlobalSection
EndGlobal
